
Microsoft Visual Studio Solution File, Format Version 12.00
# Visual Studio Version 16
VisualStudioVersion = 16.0.32228.343
MinimumVisualStudioVersion = 15.0.26124.0
Project("{2150E333-8FDC-42A3-9474-1A3956D46DE8}") = "src", "src", "{89131658-C50D-48B8-A582-2EF9DBD45E06}"
EndProject
Project("{9A19103F-16F7-4668-BE54-9A1E7A4F7556}") = "Vektrex.SpikeSafe.CSharp.Samples", "src\Vektrex.SpikeSafe.CSharp.Samples\Vektrex.SpikeSafe.CSharp.Samples.csproj", "{17779173-4C6A-4D7A-B352-7B7C54C16E55}"
EndProject
Global
	GlobalSection(SolutionConfigurationPlatforms) = preSolution
		Debug|Any CPU = Debug|Any CPU
		Debug|x64 = Debug|x64
		Debug|x86 = Debug|x86
		Release|Any CPU = Release|Any CPU
		Release|x64 = Release|x64
		Release|x86 = Release|x86
	EndGlobalSection
	GlobalSection(ProjectConfigurationPlatforms) = postSolution
		{17779173-4C6A-4D7A-B352-7B7C54C16E55}.Debug|Any CPU.ActiveCfg = Debug|Any CPU
		{17779173-4C6A-4D7A-B352-7B7C54C16E55}.Debug|Any CPU.Build.0 = Debug|Any CPU
		{17779173-4C6A-4D7A-B352-7B7C54C16E55}.Debug|x64.ActiveCfg = Debug|Any CPU
		{17779173-4C6A-4D7A-B352-7B7C54C16E55}.Debug|x64.Build.0 = Debug|Any CPU
		{17779173-4C6A-4D7A-B352-7B7C54C16E55}.Debug|x86.ActiveCfg = Debug|Any CPU
		{17779173-4C6A-4D7A-B352-7B7C54C16E55}.Debug|x86.Build.0 = Debug|Any CPU
		{17779173-4C6A-4D7A-B352-7B7C54C16E55}.Release|Any CPU.ActiveCfg = Release|Any CPU
		{17779173-4C6A-4D7A-B352-7B7C54C16E55}.Release|Any CPU.Build.0 = Release|Any CPU
		{17779173-4C6A-4D7A-B352-7B7C54C16E55}.Release|x64.ActiveCfg = Release|Any CPU
		{17779173-4C6A-4D7A-B352-7B7C54C16E55}.Release|x64.Build.0 = Release|Any CPU
		{17779173-4C6A-4D7A-B352-7B7C54C16E55}.Release|x86.ActiveCfg = Release|Any CPU
		{17779173-4C6A-4D7A-B352-7B7C54C16E55}.Release|x86.Build.0 = Release|Any CPU
	EndGlobalSection
	GlobalSection(SolutionProperties) = preSolution
		HideSolutionNode = FALSE
	EndGlobalSection
	GlobalSection(NestedProjects) = preSolution
		{17779173-4C6A-4D7A-B352-7B7C54C16E55} = {89131658-C50D-48B8-A582-2EF9DBD45E06}
	EndGlobalSection
	GlobalSection(ExtensibilityGlobals) = postSolution
		SolutionGuid = {B5590C21-8E76-46D3-AC68-8428B1A08DCF}
	EndGlobalSection
EndGlobal
